
Microsoft Visual Studio Solution File, Format Version 11.00
# Visual Studio 2010
Project("{FAE04EC0-301F-11D3-BF4B-00C04F79EFBC}") = "KrMp3Recoder", "KrMp3Recoder.csproj", "{28A84C36-35EC-4CDD-A54A-4D512205C747}"
EndProject
Global
	GlobalSection(SolutionConfigurationPlatforms) = preSolution
		Debug|Any CPU = Debug|Any CPU
		Release|Any CPU = Release|Any CPU
	EndGlobalSection
	GlobalSection(ProjectConfigurationPlatforms) = postSolution
		{28A84C36-35EC-4CDD-A54A-4D512205C747}.Debug|Any CPU.ActiveCfg = Debug|Any CPU
		{28A84C36-35EC-4CDD-A54A-4D512205C747}.Debug|Any CPU.Build.0 = Debug|Any CPU
		{28A84C36-35EC-4CDD-A54A-4D512205C747}.Release|Any CPU.ActiveCfg = Release|Any CPU
		{28A84C36-35EC-4CDD-A54A-4D512205C747}.Release|Any CPU.Build.0 = Release|Any CPU
	EndGlobalSection
	GlobalSection(SolutionProperties) = preSolution
		HideSolutionNode = FALSE
	EndGlobalSection
EndGlobal
